# This file is autogenerated, do not edit; changes may be undone by the next 'dep ensure'.


[[projects]]
  branch = "master"
  name = "github.com/adrian3ka/go-learn-ai"
  packages = ["naive_bayes","term_frequency","tf_idf","word_vectorizer"]
  revision = "755a907b91d115e8725efdbd84d1ef0db925be50"

[[projects]]
  name = "github.com/urfave/negroni"
  packages = ["."]
  revision = "c6a59be0ce122566695fbd5e48a77f8f10c8a63a"
  version = "v1.0.0"

[solve-meta]
  analyzer-name = "dep"
  analyzer-version = 1
  inputs-digest = "5b1cd737a324fa4cf80d3aaf4045a9b710a3594c7b7dd82e905b66cfc0cb26c1"
  solver-name = "gps-cdcl"
  solver-version = 1
